
Microsoft Visual Studio Solution File, Format Version 12.00
# Visual Studio Version 16
VisualStudioVersion = 16.0.29020.237
MinimumVisualStudioVersion = 10.0.40219.1
Project("{F2A71F9B-5D33-465A-A702-920D77279786}") = "Clm", "Clm\Clm.fsproj", "{2CFC7E81-4FB4-46B4-9534-C1455E2C4C14}"
EndProject
Project("{F2A71F9B-5D33-465A-A702-920D77279786}") = "ClmGenerator", "ClmGenerator\ClmGenerator.fsproj", "{F91606FF-90B6-481F-A2AC-2F4FC54A228A}"
EndProject
Project("{F2A71F9B-5D33-465A-A702-920D77279786}") = "ContGen", "ContGen\ContGen.fsproj", "{CAA251EE-1F75-42C9-9655-3A692944FC7D}"
EndProject
Project("{F2A71F9B-5D33-465A-A702-920D77279786}") = "DbData", "DbData\DbData.fsproj", "{19E4D7D7-C472-495D-91D1-6B279F69ECAE}"
EndProject
Project("{F2A71F9B-5D33-465A-A702-920D77279786}") = "ContGenService", "ContGenService\ContGenService.fsproj", "{96493E85-B0E9-4F7F-92BE-113B54131132}"
EndProject
Project("{F2A71F9B-5D33-465A-A702-920D77279786}") = "ContGenServiceInfo", "ContGenServiceInfo\ContGenServiceInfo.fsproj", "{421101C3-190A-432C-82C9-0E390E131057}"
EndProject
Project("{F2A71F9B-5D33-465A-A702-920D77279786}") = "ContGenAdm", "ContGenAdm\ContGenAdm.fsproj", "{297160A2-3509-467C-A821-566C6B678BE1}"
EndProject
Project("{F2A71F9B-5D33-465A-A702-920D77279786}") = "ClmSys", "ClmSys\ClmSys.fsproj", "{BCE818CA-581B-4B54-8352-89AA27DF066E}"
EndProject
Project("{F2A71F9B-5D33-465A-A702-920D77279786}") = "ClmTests", "ClmTests\ClmTests.fsproj", "{7F97FE20-6E3C-4E48-B36F-74015830A9F7}"
EndProject
Project("{FAE04EC0-301F-11D3-BF4B-00C04F79EFBC}") = "AlgLib", "AlgLib\AlgLib.csproj", "{5D23CBC1-D7C8-4942-B9C4-22993F4F5E30}"
EndProject
Project("{F2A71F9B-5D33-465A-A702-920D77279786}") = "Analytics", "Analytics\Analytics.fsproj", "{5CE359DB-D713-46BE-84DF-F9732DE85E26}"
EndProject
Project("{F2A71F9B-5D33-465A-A702-920D77279786}") = "FSharp.Plotly", "FSharp.Plotly\FSharp.Plotly.fsproj", "{C609D8EC-F1EA-4917-A43C-12EFB173B8F3}"
EndProject
Project("{F2A71F9B-5D33-465A-A702-920D77279786}") = "OdeSolver", "OdeSolver\OdeSolver.fsproj", "{CABC1334-FA26-483E-AE65-9F93C86DCE2D}"
EndProject
Project("{F2A71F9B-5D33-465A-A702-920D77279786}") = "ProgressNotifierClient", "ProgressNotifierClient\ProgressNotifierClient.fsproj", "{6779F3DF-43D1-40CD-9C30-91B1F3A92A1F}"
EndProject
Project("{F2A71F9B-5D33-465A-A702-920D77279786}") = "SolverRunner", "SolverRunner\SolverRunner.fsproj", "{F0D4B13D-57AB-4EBF-AE90-4F758CF5741B}"
EndProject
Project("{F2A71F9B-5D33-465A-A702-920D77279786}") = "ClmImpure", "ClmImpure\ClmImpure.fsproj", "{C516437D-00B2-4D8F-8B5F-EC867CC8D277}"
EndProject
Project("{F2A71F9B-5D33-465A-A702-920D77279786}") = "ClmDefaults", "ClmDefaults\ClmDefaults.fsproj", "{740464F5-6E8C-4038-AB98-51DFA5A09EC1}"
EndProject
Project("{F2A71F9B-5D33-465A-A702-920D77279786}") = "ServiceProxy", "ServiceProxy\ServiceProxy.fsproj", "{37054210-CE85-4B20-9B89-21A66A3BDF8E}"
EndProject
Project("{F2A71F9B-5D33-465A-A702-920D77279786}") = "MessagingServiceInfo", "MessageServiceInfo\MessagingServiceInfo.fsproj", "{A993F0A8-3659-4A7D-87FC-E25902ADEA5E}"
EndProject
Project("{F2A71F9B-5D33-465A-A702-920D77279786}") = "MessagingTestClient", "MessagingTestClient\MessagingTestClient.fsproj", "{0C9BA88C-69CE-4E51-96E6-014FEBEE988B}"
EndProject
Project("{F2A71F9B-5D33-465A-A702-920D77279786}") = "Messaging", "Messaging\Messaging.fsproj", "{FAFB8E2D-719C-4E49-9ECC-FEBC10ACD5F1}"
EndProject
Project("{F2A71F9B-5D33-465A-A702-920D77279786}") = "MessagingService", "MessageService\MessagingService.fsproj", "{FC9C81B4-B256-4892-83EA-26B870D24FF6}"
EndProject
Project("{F2A71F9B-5D33-465A-A702-920D77279786}") = "WorkerNodeService", "WorkerNodeService\WorkerNodeService.fsproj", "{C43CB3B5-AE9C-46D5-ABDA-1B85B24AE34C}"
EndProject
Project("{F2A71F9B-5D33-465A-A702-920D77279786}") = "WorkerNodeServiceInfo", "WorkerNodeServiceInfo\WorkerNodeServiceInfo.fsproj", "{D9222F72-D01C-4DB6-BC76-2C9CCF9B1F31}"
EndProject
Project("{F2A71F9B-5D33-465A-A702-920D77279786}") = "NoSql", "NoSql\NoSql.fsproj", "{380EC917-1ED5-482B-B801-574C1170462A}"
EndProject
Project("{F2A71F9B-5D33-465A-A702-920D77279786}") = "PartitionerServiceInfo", "PartitionerServiceInfo\PartitionerServiceInfo.fsproj", "{0A5FF8D1-CC98-4EAC-A1E7-2EE689C9C507}"
EndProject
Global
	GlobalSection(SolutionConfigurationPlatforms) = preSolution
		Debug|Any CPU = Debug|Any CPU
		Debug|x64 = Debug|x64
		Release|Any CPU = Release|Any CPU
		Release|x64 = Release|x64
	EndGlobalSection
	GlobalSection(ProjectConfigurationPlatforms) = postSolution
		{2CFC7E81-4FB4-46B4-9534-C1455E2C4C14}.Debug|Any CPU.ActiveCfg = Debug|Any CPU
		{2CFC7E81-4FB4-46B4-9534-C1455E2C4C14}.Debug|Any CPU.Build.0 = Debug|Any CPU
		{2CFC7E81-4FB4-46B4-9534-C1455E2C4C14}.Debug|x64.ActiveCfg = Debug|x64
		{2CFC7E81-4FB4-46B4-9534-C1455E2C4C14}.Debug|x64.Build.0 = Debug|x64
		{2CFC7E81-4FB4-46B4-9534-C1455E2C4C14}.Release|Any CPU.ActiveCfg = Release|Any CPU
		{2CFC7E81-4FB4-46B4-9534-C1455E2C4C14}.Release|Any CPU.Build.0 = Release|Any CPU
		{2CFC7E81-4FB4-46B4-9534-C1455E2C4C14}.Release|x64.ActiveCfg = Release|x64
		{2CFC7E81-4FB4-46B4-9534-C1455E2C4C14}.Release|x64.Build.0 = Release|x64
		{F91606FF-90B6-481F-A2AC-2F4FC54A228A}.Debug|Any CPU.ActiveCfg = Debug|Any CPU
		{F91606FF-90B6-481F-A2AC-2F4FC54A228A}.Debug|Any CPU.Build.0 = Debug|Any CPU
		{F91606FF-90B6-481F-A2AC-2F4FC54A228A}.Debug|x64.ActiveCfg = Debug|x64
		{F91606FF-90B6-481F-A2AC-2F4FC54A228A}.Debug|x64.Build.0 = Debug|x64
		{F91606FF-90B6-481F-A2AC-2F4FC54A228A}.Release|Any CPU.ActiveCfg = Release|Any CPU
		{F91606FF-90B6-481F-A2AC-2F4FC54A228A}.Release|Any CPU.Build.0 = Release|Any CPU
		{F91606FF-90B6-481F-A2AC-2F4FC54A228A}.Release|x64.ActiveCfg = Release|x64
		{F91606FF-90B6-481F-A2AC-2F4FC54A228A}.Release|x64.Build.0 = Release|x64
		{CAA251EE-1F75-42C9-9655-3A692944FC7D}.Debug|Any CPU.ActiveCfg = Debug|Any CPU
		{CAA251EE-1F75-42C9-9655-3A692944FC7D}.Debug|Any CPU.Build.0 = Debug|Any CPU
		{CAA251EE-1F75-42C9-9655-3A692944FC7D}.Debug|x64.ActiveCfg = Debug|x64
		{CAA251EE-1F75-42C9-9655-3A692944FC7D}.Debug|x64.Build.0 = Debug|x64
		{CAA251EE-1F75-42C9-9655-3A692944FC7D}.Release|Any CPU.ActiveCfg = Release|Any CPU
		{CAA251EE-1F75-42C9-9655-3A692944FC7D}.Release|Any CPU.Build.0 = Release|Any CPU
		{CAA251EE-1F75-42C9-9655-3A692944FC7D}.Release|x64.ActiveCfg = Release|x64
		{CAA251EE-1F75-42C9-9655-3A692944FC7D}.Release|x64.Build.0 = Release|x64
		{19E4D7D7-C472-495D-91D1-6B279F69ECAE}.Debug|Any CPU.ActiveCfg = Debug|Any CPU
		{19E4D7D7-C472-495D-91D1-6B279F69ECAE}.Debug|Any CPU.Build.0 = Debug|Any CPU
		{19E4D7D7-C472-495D-91D1-6B279F69ECAE}.Debug|x64.ActiveCfg = Debug|x64
		{19E4D7D7-C472-495D-91D1-6B279F69ECAE}.Debug|x64.Build.0 = Debug|x64
		{19E4D7D7-C472-495D-91D1-6B279F69ECAE}.Release|Any CPU.ActiveCfg = Release|Any CPU
		{19E4D7D7-C472-495D-91D1-6B279F69ECAE}.Release|Any CPU.Build.0 = Release|Any CPU
		{19E4D7D7-C472-495D-91D1-6B279F69ECAE}.Release|x64.ActiveCfg = Release|x64
		{19E4D7D7-C472-495D-91D1-6B279F69ECAE}.Release|x64.Build.0 = Release|x64
		{96493E85-B0E9-4F7F-92BE-113B54131132}.Debug|Any CPU.ActiveCfg = Debug|Any CPU
		{96493E85-B0E9-4F7F-92BE-113B54131132}.Debug|Any CPU.Build.0 = Debug|Any CPU
		{96493E85-B0E9-4F7F-92BE-113B54131132}.Debug|x64.ActiveCfg = Debug|x64
		{96493E85-B0E9-4F7F-92BE-113B54131132}.Debug|x64.Build.0 = Debug|x64
		{96493E85-B0E9-4F7F-92BE-113B54131132}.Release|Any CPU.ActiveCfg = Release|Any CPU
		{96493E85-B0E9-4F7F-92BE-113B54131132}.Release|Any CPU.Build.0 = Release|Any CPU
		{96493E85-B0E9-4F7F-92BE-113B54131132}.Release|x64.ActiveCfg = Release|x64
		{96493E85-B0E9-4F7F-92BE-113B54131132}.Release|x64.Build.0 = Release|x64
		{421101C3-190A-432C-82C9-0E390E131057}.Debug|Any CPU.ActiveCfg = Debug|Any CPU
		{421101C3-190A-432C-82C9-0E390E131057}.Debug|Any CPU.Build.0 = Debug|Any CPU
		{421101C3-190A-432C-82C9-0E390E131057}.Debug|x64.ActiveCfg = Debug|x64
		{421101C3-190A-432C-82C9-0E390E131057}.Debug|x64.Build.0 = Debug|x64
		{421101C3-190A-432C-82C9-0E390E131057}.Release|Any CPU.ActiveCfg = Release|Any CPU
		{421101C3-190A-432C-82C9-0E390E131057}.Release|Any CPU.Build.0 = Release|Any CPU
		{421101C3-190A-432C-82C9-0E390E131057}.Release|x64.ActiveCfg = Release|x64
		{421101C3-190A-432C-82C9-0E390E131057}.Release|x64.Build.0 = Release|x64
		{297160A2-3509-467C-A821-566C6B678BE1}.Debug|Any CPU.ActiveCfg = Debug|Any CPU
		{297160A2-3509-467C-A821-566C6B678BE1}.Debug|Any CPU.Build.0 = Debug|Any CPU
		{297160A2-3509-467C-A821-566C6B678BE1}.Debug|x64.ActiveCfg = Debug|x64
		{297160A2-3509-467C-A821-566C6B678BE1}.Debug|x64.Build.0 = Debug|x64
		{297160A2-3509-467C-A821-566C6B678BE1}.Release|Any CPU.ActiveCfg = Release|Any CPU
		{297160A2-3509-467C-A821-566C6B678BE1}.Release|Any CPU.Build.0 = Release|Any CPU
		{297160A2-3509-467C-A821-566C6B678BE1}.Release|x64.ActiveCfg = Release|x64
		{297160A2-3509-467C-A821-566C6B678BE1}.Release|x64.Build.0 = Release|x64
		{BCE818CA-581B-4B54-8352-89AA27DF066E}.Debug|Any CPU.ActiveCfg = Debug|Any CPU
		{BCE818CA-581B-4B54-8352-89AA27DF066E}.Debug|Any CPU.Build.0 = Debug|Any CPU
		{BCE818CA-581B-4B54-8352-89AA27DF066E}.Debug|x64.ActiveCfg = Debug|x64
		{BCE818CA-581B-4B54-8352-89AA27DF066E}.Debug|x64.Build.0 = Debug|x64
		{BCE818CA-581B-4B54-8352-89AA27DF066E}.Release|Any CPU.ActiveCfg = Release|Any CPU
		{BCE818CA-581B-4B54-8352-89AA27DF066E}.Release|Any CPU.Build.0 = Release|Any CPU
		{BCE818CA-581B-4B54-8352-89AA27DF066E}.Release|x64.ActiveCfg = Release|x64
		{BCE818CA-581B-4B54-8352-89AA27DF066E}.Release|x64.Build.0 = Release|x64
		{7F97FE20-6E3C-4E48-B36F-74015830A9F7}.Debug|Any CPU.ActiveCfg = Debug|Any CPU
		{7F97FE20-6E3C-4E48-B36F-74015830A9F7}.Debug|Any CPU.Build.0 = Debug|Any CPU
		{7F97FE20-6E3C-4E48-B36F-74015830A9F7}.Debug|x64.ActiveCfg = Debug|x64
		{7F97FE20-6E3C-4E48-B36F-74015830A9F7}.Debug|x64.Build.0 = Debug|x64
		{7F97FE20-6E3C-4E48-B36F-74015830A9F7}.Release|Any CPU.ActiveCfg = Release|Any CPU
		{7F97FE20-6E3C-4E48-B36F-74015830A9F7}.Release|Any CPU.Build.0 = Release|Any CPU
		{7F97FE20-6E3C-4E48-B36F-74015830A9F7}.Release|x64.ActiveCfg = Release|x64
		{7F97FE20-6E3C-4E48-B36F-74015830A9F7}.Release|x64.Build.0 = Release|x64
		{5D23CBC1-D7C8-4942-B9C4-22993F4F5E30}.Debug|Any CPU.ActiveCfg = Debug|Any CPU
		{5D23CBC1-D7C8-4942-B9C4-22993F4F5E30}.Debug|Any CPU.Build.0 = Debug|Any CPU
		{5D23CBC1-D7C8-4942-B9C4-22993F4F5E30}.Debug|x64.ActiveCfg = Debug|x64
		{5D23CBC1-D7C8-4942-B9C4-22993F4F5E30}.Debug|x64.Build.0 = Debug|x64
		{5D23CBC1-D7C8-4942-B9C4-22993F4F5E30}.Release|Any CPU.ActiveCfg = Release|Any CPU
		{5D23CBC1-D7C8-4942-B9C4-22993F4F5E30}.Release|Any CPU.Build.0 = Release|Any CPU
		{5D23CBC1-D7C8-4942-B9C4-22993F4F5E30}.Release|x64.ActiveCfg = Release|x64
		{5D23CBC1-D7C8-4942-B9C4-22993F4F5E30}.Release|x64.Build.0 = Release|x64
		{5CE359DB-D713-46BE-84DF-F9732DE85E26}.Debug|Any CPU.ActiveCfg = Debug|Any CPU
		{5CE359DB-D713-46BE-84DF-F9732DE85E26}.Debug|Any CPU.Build.0 = Debug|Any CPU
		{5CE359DB-D713-46BE-84DF-F9732DE85E26}.Debug|x64.ActiveCfg = Debug|x64
		{5CE359DB-D713-46BE-84DF-F9732DE85E26}.Debug|x64.Build.0 = Debug|x64
		{5CE359DB-D713-46BE-84DF-F9732DE85E26}.Release|Any CPU.ActiveCfg = Release|Any CPU
		{5CE359DB-D713-46BE-84DF-F9732DE85E26}.Release|Any CPU.Build.0 = Release|Any CPU
		{5CE359DB-D713-46BE-84DF-F9732DE85E26}.Release|x64.ActiveCfg = Release|x64
		{5CE359DB-D713-46BE-84DF-F9732DE85E26}.Release|x64.Build.0 = Release|x64
		{C609D8EC-F1EA-4917-A43C-12EFB173B8F3}.Debug|Any CPU.ActiveCfg = Debug|Any CPU
		{C609D8EC-F1EA-4917-A43C-12EFB173B8F3}.Debug|Any CPU.Build.0 = Debug|Any CPU
		{C609D8EC-F1EA-4917-A43C-12EFB173B8F3}.Debug|x64.ActiveCfg = Debug|x64
		{C609D8EC-F1EA-4917-A43C-12EFB173B8F3}.Debug|x64.Build.0 = Debug|x64
		{C609D8EC-F1EA-4917-A43C-12EFB173B8F3}.Release|Any CPU.ActiveCfg = Release|Any CPU
		{C609D8EC-F1EA-4917-A43C-12EFB173B8F3}.Release|Any CPU.Build.0 = Release|Any CPU
		{C609D8EC-F1EA-4917-A43C-12EFB173B8F3}.Release|x64.ActiveCfg = Release|x64
		{C609D8EC-F1EA-4917-A43C-12EFB173B8F3}.Release|x64.Build.0 = Release|x64
		{CABC1334-FA26-483E-AE65-9F93C86DCE2D}.Debug|Any CPU.ActiveCfg = Debug|Any CPU
		{CABC1334-FA26-483E-AE65-9F93C86DCE2D}.Debug|Any CPU.Build.0 = Debug|Any CPU
		{CABC1334-FA26-483E-AE65-9F93C86DCE2D}.Debug|x64.ActiveCfg = Debug|x64
		{CABC1334-FA26-483E-AE65-9F93C86DCE2D}.Debug|x64.Build.0 = Debug|x64
		{CABC1334-FA26-483E-AE65-9F93C86DCE2D}.Release|Any CPU.ActiveCfg = Release|Any CPU
		{CABC1334-FA26-483E-AE65-9F93C86DCE2D}.Release|Any CPU.Build.0 = Release|Any CPU
		{CABC1334-FA26-483E-AE65-9F93C86DCE2D}.Release|x64.ActiveCfg = Release|x64
		{CABC1334-FA26-483E-AE65-9F93C86DCE2D}.Release|x64.Build.0 = Release|x64
		{6779F3DF-43D1-40CD-9C30-91B1F3A92A1F}.Debug|Any CPU.ActiveCfg = Debug|Any CPU
		{6779F3DF-43D1-40CD-9C30-91B1F3A92A1F}.Debug|Any CPU.Build.0 = Debug|Any CPU
		{6779F3DF-43D1-40CD-9C30-91B1F3A92A1F}.Debug|x64.ActiveCfg = Debug|x64
		{6779F3DF-43D1-40CD-9C30-91B1F3A92A1F}.Debug|x64.Build.0 = Debug|x64
		{6779F3DF-43D1-40CD-9C30-91B1F3A92A1F}.Release|Any CPU.ActiveCfg = Release|Any CPU
		{6779F3DF-43D1-40CD-9C30-91B1F3A92A1F}.Release|Any CPU.Build.0 = Release|Any CPU
		{6779F3DF-43D1-40CD-9C30-91B1F3A92A1F}.Release|x64.ActiveCfg = Release|x64
		{6779F3DF-43D1-40CD-9C30-91B1F3A92A1F}.Release|x64.Build.0 = Release|x64
		{F0D4B13D-57AB-4EBF-AE90-4F758CF5741B}.Debug|Any CPU.ActiveCfg = Debug|Any CPU
		{F0D4B13D-57AB-4EBF-AE90-4F758CF5741B}.Debug|Any CPU.Build.0 = Debug|Any CPU
		{F0D4B13D-57AB-4EBF-AE90-4F758CF5741B}.Debug|x64.ActiveCfg = Debug|x64
		{F0D4B13D-57AB-4EBF-AE90-4F758CF5741B}.Debug|x64.Build.0 = Debug|x64
		{F0D4B13D-57AB-4EBF-AE90-4F758CF5741B}.Release|Any CPU.ActiveCfg = Release|Any CPU
		{F0D4B13D-57AB-4EBF-AE90-4F758CF5741B}.Release|Any CPU.Build.0 = Release|Any CPU
		{F0D4B13D-57AB-4EBF-AE90-4F758CF5741B}.Release|x64.ActiveCfg = Release|x64
		{F0D4B13D-57AB-4EBF-AE90-4F758CF5741B}.Release|x64.Build.0 = Release|x64
		{C516437D-00B2-4D8F-8B5F-EC867CC8D277}.Debug|Any CPU.ActiveCfg = Debug|Any CPU
		{C516437D-00B2-4D8F-8B5F-EC867CC8D277}.Debug|Any CPU.Build.0 = Debug|Any CPU
		{C516437D-00B2-4D8F-8B5F-EC867CC8D277}.Debug|x64.ActiveCfg = Debug|x64
		{C516437D-00B2-4D8F-8B5F-EC867CC8D277}.Debug|x64.Build.0 = Debug|x64
		{C516437D-00B2-4D8F-8B5F-EC867CC8D277}.Release|Any CPU.ActiveCfg = Release|Any CPU
		{C516437D-00B2-4D8F-8B5F-EC867CC8D277}.Release|Any CPU.Build.0 = Release|Any CPU
		{C516437D-00B2-4D8F-8B5F-EC867CC8D277}.Release|x64.ActiveCfg = Release|x64
		{C516437D-00B2-4D8F-8B5F-EC867CC8D277}.Release|x64.Build.0 = Release|x64
		{740464F5-6E8C-4038-AB98-51DFA5A09EC1}.Debug|Any CPU.ActiveCfg = Debug|Any CPU
		{740464F5-6E8C-4038-AB98-51DFA5A09EC1}.Debug|Any CPU.Build.0 = Debug|Any CPU
		{740464F5-6E8C-4038-AB98-51DFA5A09EC1}.Debug|x64.ActiveCfg = Debug|x64
		{740464F5-6E8C-4038-AB98-51DFA5A09EC1}.Debug|x64.Build.0 = Debug|x64
		{740464F5-6E8C-4038-AB98-51DFA5A09EC1}.Release|Any CPU.ActiveCfg = Release|Any CPU
		{740464F5-6E8C-4038-AB98-51DFA5A09EC1}.Release|Any CPU.Build.0 = Release|Any CPU
		{740464F5-6E8C-4038-AB98-51DFA5A09EC1}.Release|x64.ActiveCfg = Release|x64
		{740464F5-6E8C-4038-AB98-51DFA5A09EC1}.Release|x64.Build.0 = Release|x64
		{37054210-CE85-4B20-9B89-21A66A3BDF8E}.Debug|Any CPU.ActiveCfg = Debug|Any CPU
		{37054210-CE85-4B20-9B89-21A66A3BDF8E}.Debug|Any CPU.Build.0 = Debug|Any CPU
		{37054210-CE85-4B20-9B89-21A66A3BDF8E}.Debug|x64.ActiveCfg = Debug|x64
		{37054210-CE85-4B20-9B89-21A66A3BDF8E}.Debug|x64.Build.0 = Debug|x64
		{37054210-CE85-4B20-9B89-21A66A3BDF8E}.Release|Any CPU.ActiveCfg = Release|Any CPU
		{37054210-CE85-4B20-9B89-21A66A3BDF8E}.Release|Any CPU.Build.0 = Release|Any CPU
		{37054210-CE85-4B20-9B89-21A66A3BDF8E}.Release|x64.ActiveCfg = Release|x64
		{37054210-CE85-4B20-9B89-21A66A3BDF8E}.Release|x64.Build.0 = Release|x64
		{A993F0A8-3659-4A7D-87FC-E25902ADEA5E}.Debug|Any CPU.ActiveCfg = Debug|Any CPU
		{A993F0A8-3659-4A7D-87FC-E25902ADEA5E}.Debug|Any CPU.Build.0 = Debug|Any CPU
		{A993F0A8-3659-4A7D-87FC-E25902ADEA5E}.Debug|x64.ActiveCfg = Debug|x64
		{A993F0A8-3659-4A7D-87FC-E25902ADEA5E}.Debug|x64.Build.0 = Debug|x64
		{A993F0A8-3659-4A7D-87FC-E25902ADEA5E}.Release|Any CPU.ActiveCfg = Release|Any CPU
		{A993F0A8-3659-4A7D-87FC-E25902ADEA5E}.Release|Any CPU.Build.0 = Release|Any CPU
		{A993F0A8-3659-4A7D-87FC-E25902ADEA5E}.Release|x64.ActiveCfg = Release|x64
		{A993F0A8-3659-4A7D-87FC-E25902ADEA5E}.Release|x64.Build.0 = Release|x64
		{0C9BA88C-69CE-4E51-96E6-014FEBEE988B}.Debug|Any CPU.ActiveCfg = Debug|Any CPU
		{0C9BA88C-69CE-4E51-96E6-014FEBEE988B}.Debug|Any CPU.Build.0 = Debug|Any CPU
		{0C9BA88C-69CE-4E51-96E6-014FEBEE988B}.Debug|x64.ActiveCfg = Debug|x64
		{0C9BA88C-69CE-4E51-96E6-014FEBEE988B}.Debug|x64.Build.0 = Debug|x64
		{0C9BA88C-69CE-4E51-96E6-014FEBEE988B}.Release|Any CPU.ActiveCfg = Release|Any CPU
		{0C9BA88C-69CE-4E51-96E6-014FEBEE988B}.Release|Any CPU.Build.0 = Release|Any CPU
		{0C9BA88C-69CE-4E51-96E6-014FEBEE988B}.Release|x64.ActiveCfg = Release|x64
		{0C9BA88C-69CE-4E51-96E6-014FEBEE988B}.Release|x64.Build.0 = Release|x64
		{FAFB8E2D-719C-4E49-9ECC-FEBC10ACD5F1}.Debug|Any CPU.ActiveCfg = Debug|Any CPU
		{FAFB8E2D-719C-4E49-9ECC-FEBC10ACD5F1}.Debug|Any CPU.Build.0 = Debug|Any CPU
		{FAFB8E2D-719C-4E49-9ECC-FEBC10ACD5F1}.Debug|x64.ActiveCfg = Debug|x64
		{FAFB8E2D-719C-4E49-9ECC-FEBC10ACD5F1}.Debug|x64.Build.0 = Debug|x64
		{FAFB8E2D-719C-4E49-9ECC-FEBC10ACD5F1}.Release|Any CPU.ActiveCfg = Release|Any CPU
		{FAFB8E2D-719C-4E49-9ECC-FEBC10ACD5F1}.Release|Any CPU.Build.0 = Release|Any CPU
		{FAFB8E2D-719C-4E49-9ECC-FEBC10ACD5F1}.Release|x64.ActiveCfg = Release|x64
		{FAFB8E2D-719C-4E49-9ECC-FEBC10ACD5F1}.Release|x64.Build.0 = Release|x64
		{FC9C81B4-B256-4892-83EA-26B870D24FF6}.Debug|Any CPU.ActiveCfg = Debug|Any CPU
		{FC9C81B4-B256-4892-83EA-26B870D24FF6}.Debug|Any CPU.Build.0 = Debug|Any CPU
		{FC9C81B4-B256-4892-83EA-26B870D24FF6}.Debug|x64.ActiveCfg = Debug|x64
		{FC9C81B4-B256-4892-83EA-26B870D24FF6}.Debug|x64.Build.0 = Debug|x64
		{FC9C81B4-B256-4892-83EA-26B870D24FF6}.Release|Any CPU.ActiveCfg = Release|Any CPU
		{FC9C81B4-B256-4892-83EA-26B870D24FF6}.Release|Any CPU.Build.0 = Release|Any CPU
		{FC9C81B4-B256-4892-83EA-26B870D24FF6}.Release|x64.ActiveCfg = Release|x64
		{FC9C81B4-B256-4892-83EA-26B870D24FF6}.Release|x64.Build.0 = Release|x64
		{C43CB3B5-AE9C-46D5-ABDA-1B85B24AE34C}.Debug|Any CPU.ActiveCfg = Debug|Any CPU
		{C43CB3B5-AE9C-46D5-ABDA-1B85B24AE34C}.Debug|Any CPU.Build.0 = Debug|Any CPU
		{C43CB3B5-AE9C-46D5-ABDA-1B85B24AE34C}.Debug|x64.ActiveCfg = Debug|x64
		{C43CB3B5-AE9C-46D5-ABDA-1B85B24AE34C}.Debug|x64.Build.0 = Debug|x64
		{C43CB3B5-AE9C-46D5-ABDA-1B85B24AE34C}.Release|Any CPU.ActiveCfg = Release|Any CPU
		{C43CB3B5-AE9C-46D5-ABDA-1B85B24AE34C}.Release|Any CPU.Build.0 = Release|Any CPU
		{C43CB3B5-AE9C-46D5-ABDA-1B85B24AE34C}.Release|x64.ActiveCfg = Release|x64
		{C43CB3B5-AE9C-46D5-ABDA-1B85B24AE34C}.Release|x64.Build.0 = Release|x64
		{D9222F72-D01C-4DB6-BC76-2C9CCF9B1F31}.Debug|Any CPU.ActiveCfg = Debug|Any CPU
		{D9222F72-D01C-4DB6-BC76-2C9CCF9B1F31}.Debug|Any CPU.Build.0 = Debug|Any CPU
		{D9222F72-D01C-4DB6-BC76-2C9CCF9B1F31}.Debug|x64.ActiveCfg = Debug|x64
		{D9222F72-D01C-4DB6-BC76-2C9CCF9B1F31}.Debug|x64.Build.0 = Debug|x64
		{D9222F72-D01C-4DB6-BC76-2C9CCF9B1F31}.Release|Any CPU.ActiveCfg = Release|Any CPU
		{D9222F72-D01C-4DB6-BC76-2C9CCF9B1F31}.Release|Any CPU.Build.0 = Release|Any CPU
		{D9222F72-D01C-4DB6-BC76-2C9CCF9B1F31}.Release|x64.ActiveCfg = Release|x64
		{D9222F72-D01C-4DB6-BC76-2C9CCF9B1F31}.Release|x64.Build.0 = Release|x64
		{380EC917-1ED5-482B-B801-574C1170462A}.Debug|Any CPU.ActiveCfg = Debug|Any CPU
		{380EC917-1ED5-482B-B801-574C1170462A}.Debug|Any CPU.Build.0 = Debug|Any CPU
		{380EC917-1ED5-482B-B801-574C1170462A}.Debug|x64.ActiveCfg = Debug|x64
		{380EC917-1ED5-482B-B801-574C1170462A}.Debug|x64.Build.0 = Debug|x64
		{380EC917-1ED5-482B-B801-574C1170462A}.Release|Any CPU.ActiveCfg = Release|Any CPU
		{380EC917-1ED5-482B-B801-574C1170462A}.Release|Any CPU.Build.0 = Release|Any CPU
		{380EC917-1ED5-482B-B801-574C1170462A}.Release|x64.ActiveCfg = Release|x64
		{380EC917-1ED5-482B-B801-574C1170462A}.Release|x64.Build.0 = Release|x64
		{0A5FF8D1-CC98-4EAC-A1E7-2EE689C9C507}.Debug|Any CPU.ActiveCfg = Debug|Any CPU
		{0A5FF8D1-CC98-4EAC-A1E7-2EE689C9C507}.Debug|Any CPU.Build.0 = Debug|Any CPU
		{0A5FF8D1-CC98-4EAC-A1E7-2EE689C9C507}.Debug|x64.ActiveCfg = Debug|x64
		{0A5FF8D1-CC98-4EAC-A1E7-2EE689C9C507}.Debug|x64.Build.0 = Debug|x64
		{0A5FF8D1-CC98-4EAC-A1E7-2EE689C9C507}.Release|Any CPU.ActiveCfg = Release|Any CPU
		{0A5FF8D1-CC98-4EAC-A1E7-2EE689C9C507}.Release|Any CPU.Build.0 = Release|Any CPU
		{0A5FF8D1-CC98-4EAC-A1E7-2EE689C9C507}.Release|x64.ActiveCfg = Release|x64
		{0A5FF8D1-CC98-4EAC-A1E7-2EE689C9C507}.Release|x64.Build.0 = Release|x64
	EndGlobalSection
	GlobalSection(SolutionProperties) = preSolution
		HideSolutionNode = FALSE
	EndGlobalSection
	GlobalSection(ExtensibilityGlobals) = postSolution
		SolutionGuid = {BDE60848-91B1-4DB7-82E8-B50E525F73D4}
	EndGlobalSection
EndGlobal
